<?xml version="1.0" encoding="utf-8"?>
<Project ToolsVersion="18.0" xmlns="http://schemas.microsoft.com/developer/msbuild/2003">
  <ItemGroup>
    <ClCompile Include="C:\gitcloud\LifelongTA\tools\planviz-qt\build-vs18-release\highway-editor-qt_autogen\mocs_compilation_Debug.cpp">
      <Filter>Source Files</Filter>
    </ClCompile>
    <ClCompile Include="C:\gitcloud\LifelongTA\tools\planviz-qt\src\highway_editor_main.cpp">
      <Filter>Source Files</Filter>
    </ClCompile>
    <ClCompile Include="C:\gitcloud\LifelongTA\tools\planviz-qt\src\HighwayEditorData.cpp">
      <Filter>Source Files</Filter>
    </ClCompile>
    <ClCompile Include="C:\gitcloud\LifelongTA\tools\planviz-qt\src\HighwayEditorView.cpp">
      <Filter>Source Files</Filter>
    </ClCompile>
    <ClCompile Include="C:\gitcloud\LifelongTA\tools\planviz-qt\src\HighwayEditorWindow.cpp">
      <Filter>Source Files</Filter>
    </ClCompile>
    <ClCompile Include="C:\gitcloud\LifelongTA\tools\planviz-qt\build-vs18-release\highway-editor-qt_autogen\mocs_compilation_Release.cpp">
      <Filter>Source Files</Filter>
    </ClCompile>
    <ClCompile Include="C:\gitcloud\LifelongTA\tools\planviz-qt\build-vs18-release\highway-editor-qt_autogen\mocs_compilation_MinSizeRel.cpp">
      <Filter>Source Files</Filter>
    </ClCompile>
    <ClCompile Include="C:\gitcloud\LifelongTA\tools\planviz-qt\build-vs18-release\highway-editor-qt_autogen\mocs_compilation_RelWithDebInfo.cpp">
      <Filter>Source Files</Filter>
    </ClCompile>
  </ItemGroup>
  <ItemGroup>
    <ClInclude Include="C:\gitcloud\LifelongTA\tools\planviz-qt\src\HighwayEditorData.h">
      <Filter>Header Files</Filter>
    </ClInclude>
    <ClInclude Include="C:\gitcloud\LifelongTA\tools\planviz-qt\src\HighwayEditorView.h">
      <Filter>Header Files</Filter>
    </ClInclude>
    <ClInclude Include="C:\gitcloud\LifelongTA\tools\planviz-qt\src\HighwayEditorWindow.h">
      <Filter>Header Files</Filter>
    </ClInclude>
  </ItemGroup>
  <ItemGroup>
    <CustomBuild Include="C:\gitcloud\LifelongTA\tools\planviz-qt\CMakeLists.txt" />
  </ItemGroup>
  <ItemGroup>
    <Filter Include="Header Files">
      <UniqueIdentifier>{72A12D31-4DB5-3172-9C94-462B9DA7E38B}</UniqueIdentifier>
    </Filter>
    <Filter Include="Source Files">
      <UniqueIdentifier>{AC59A143-E60E-30A5-8F9F-F3B3E47EC3AD}</UniqueIdentifier>
    </Filter>
  </ItemGroup>
</Project>
